// !$*UTF8*$!
{
	archiveVersion = 1;
	classes = {
	};
	objectVersion = 77;
	objects = {

/* Begin PBXContainerItemProxy section */
		BDEC6A052D1C920100BE62D5 /* PBXContainerItemProxy */ = {
			isa = PBXContainerItemProxy;
			containerPortal = BDEC69EC2D1C91FF00BE62D5 /* Project object */;
			proxyType = 1;
			remoteGlobalIDString = BDEC69F32D1C91FF00BE62D5;
			remoteInfo = Stolperwoerter;
		};
		BDEC6A0F2D1C920100BE62D5 /* PBXContainerItemProxy */ = {
			isa = PBXContainerItemProxy;
			containerPortal = BDEC69EC2D1C91FF00BE62D5 /* Project object */;
			proxyType = 1;
			remoteGlobalIDString = BDEC69F32D1C91FF00BE62D5;
			remoteInfo = Stolperwoerter;
		};
/* End PBXContainerItemProxy section */

/* Begin PBXFileReference section */
		BDEC69F42D1C91FF00BE62D5 /* Stolperwoerter.app */ = {isa = PBXFileReference; explicitFileType = wrapper.application; includeInIndex = 0; path = Stolperwoerter.app; sourceTree = BUILT_PRODUCTS_DIR; };
		BDEC6A042D1C920100BE62D5 /* StolperwoerterTests.xctest */ = {isa = PBXFileReference; explicitFileType = wrapper.cfbundle; includeInIndex = 0; path = StolperwoerterTests.xctest; sourceTree = BUILT_PRODUCTS_DIR; };
		BDEC6A0E2D1C920100BE62D5 /* StolperwoerterUITests.xctest */ = {isa = PBXFileReference; explicitFileType = wrapper.cfbundle; includeInIndex = 0; path = StolperwoerterUITests.xctest; sourceTree = BUILT_PRODUCTS_DIR; };
/* End PBXFileReference section */

/* Begin PBXFileSystemSynchronizedRootGroup section */
		BDEC69F62D1C91FF00BE62D5 /* Stolperwoerter */ = {
			isa = PBXFileSystemSynchronizedRootGroup;
			path = Stolperwoerter;
			sourceTree = "<group>";
		};
		BDEC6A072D1C920100BE62D5 /* StolperwoerterTests */ = {
			isa = PBXFileSystemSynchronizedRootGroup;
			path = StolperwoerterTests;
			sourceTree = "<group>";
		};
		BDEC6A112D1C920100BE62D5 /* StolperwoerterUITests */ = {
			isa = PBXFileSystemSynchronizedRootGroup;
			path = StolperwoerterUITests;
			sourceTree = "<group>";
		};
/* End PBXFileSystemSynchronizedRootGroup section */

/* Begin PBXFrameworksBuildPhase section */
		BDEC69F12D1C91FF00BE62D5 /* Frameworks */ = {
			isa = PBXFrameworksBuildPhase;
			buildActionMask = 2147483647;
			files = (
			);
			runOnlyForDeploymentPostprocessing = 0;
		};
		BDEC6A012D1C920100BE62D5 /* Frameworks */ = {
			isa = PBXFrameworksBuildPhase;
			buildActionMask = 2147483647;
			files = (
			);
			runOnlyForDeploymentPostprocessing = 0;
		};
		BDEC6A0B2D1C920100BE62D5 /* Frameworks */ = {
			isa = PBXFrameworksBuildPhase;
			buildActionMask = 2147483647;
			files = (
			);
			runOnlyForDeploymentPostprocessing = 0;
		};
/* End PBXFrameworksBuildPhase section */

/* Begin PBXGroup section */
		BDEC69EB2D1C91FF00BE62D5 = {
			isa = PBXGroup;
			children = (
				BDEC69F62D1C91FF00BE62D5 /* Stolperwoerter */,
				BDEC6A072D1C920100BE62D5 /* StolperwoerterTests */,
				BDEC6A112D1C920100BE62D5 /* StolperwoerterUITests */,
				BDEC69F52D1C91FF00BE62D5 /* Products */,
			);
			sourceTree = "<group>";
		};
		BDEC69F52D1C91FF00BE62D5 /* Products */ = {
			isa = PBXGroup;
			children = (
				BDEC69F42D1C91FF00BE62D5 /* Stolperwoerter.app */,
				BDEC6A042D1C920100BE62D5 /* StolperwoerterTests.xctest */,
				BDEC6A0E2D1C920100BE62D5 /* StolperwoerterUITests.xctest */,
			);
			name = Products;
			sourceTree = "<group>";
		};
/* End PBXGroup section */

/* Begin PBXNativeTarget section */
		BDEC69F32D1C91FF00BE62D5 /* Stolperwoerter */ = {
			isa = PBXNativeTarget;
			buildConfigurationList = BDEC6A182D1C920100BE62D5 /* Build configuration list for PBXNativeTarget "Stolperwoerter" */;
			buildPhases = (
				BDEC69F02D1C91FF00BE62D5 /* Sources */,
				BDEC69F12D1C91FF00BE62D5 /* Frameworks */,
				BDEC69F22D1C91FF00BE62D5 /* Resources */,
			);
			buildRules = (
			);
			dependencies = (
			);
			fileSystemSynchronizedGroups = (
				BDEC69F62D1C91FF00BE62D5 /* Stolperwoerter */,
			);
			name = Stolperwoerter;
			packageProductDependencies = (
			);
			productName = Stolperwoerter;
			productReference = BDEC69F42D1C91FF00BE62D5 /* Stolperwoerter.app */;
			productType = "com.apple.product-type.application";
		};
		BDEC6A032D1C920100BE62D5 /* StolperwoerterTests */ = {
			isa = PBXNativeTarget;
			buildConfigurationList = BDEC6A1B2D1C920100BE62D5 /* Build configuration list for PBXNativeTarget "StolperwoerterTests" */;
			buildPhases = (
				BDEC6A002D1C920100BE62D5 /* Sources */,
				BDEC6A012D1C920100BE62D5 /* Frameworks */,
				BDEC6A022D1C920100BE62D5 /* Resources */,
			);
			buildRules = (
			);
			dependencies = (
				BDEC6A062D1C920100BE62D5 /* PBXTargetDependency */,
			);
			fileSystemSynchronizedGroups = (
				BDEC6A072D1C920100BE62D5 /* StolperwoerterTests */,
			);
			name = StolperwoerterTests;
			packageProductDependencies = (
			);
			productName = StolperwoerterTests;
			productReference = BDEC6A042D1C920100BE62D5 /* StolperwoerterTests.xctest */;
			productType = "com.apple.product-type.bundle.unit-test";
		};
		BDEC6A0D2D1C920100BE62D5 /* StolperwoerterUITests */ = {
			isa = PBXNativeTarget;
			buildConfigurationList = BDEC6A1E2D1C920100BE62D5 /* Build configuration list for PBXNativeTarget "StolperwoerterUITests" */;
			buildPhases = (
				BDEC6A0A2D1C920100BE62D5 /* Sources */,
				BDEC6A0B2D1C920100BE62D5 /* Frameworks */,
				BDEC6A0C2D1C920100BE62D5 /* Resources */,
			);
			buildRules = (
			);
			dependencies = (
				BDEC6A102D1C920100BE62D5 /* PBXTargetDependency */,
			);
			fileSystemSynchronizedGroups = (
				BDEC6A112D1C920100BE62D5 /* StolperwoerterUITests */,
			);
			name = StolperwoerterUITests;
			packageProductDependencies = (
			);
			productName = StolperwoerterUITests;
			productReference = BDEC6A0E2D1C920100BE62D5 /* StolperwoerterUITests.xctest */;
			productType = "com.apple.product-type.bundle.ui-testing";
		};
/* End PBXNativeTarget section */

/* Begin PBXProject section */
		BDEC69EC2D1C91FF00BE62D5 /* Project object */ = {
			isa = PBXProject;
			attributes = {
				BuildIndependentTargetsInParallel = 1;
				LastSwiftUpdateCheck = 1620;
				LastUpgradeCheck = 1620;
				TargetAttributes = {
					BDEC69F32D1C91FF00BE62D5 = {
						CreatedOnToolsVersion = 16.2;
					};
					BDEC6A032D1C920100BE62D5 = {
						CreatedOnToolsVersion = 16.2;
						TestTargetID = BDEC69F32D1C91FF00BE62D5;
					};
					BDEC6A0D2D1C920100BE62D5 = {
						CreatedOnToolsVersion = 16.2;
						TestTargetID = BDEC69F32D1C91FF00BE62D5;
					};
				};
			};
			buildConfigurationList = BDEC69EF2D1C91FF00BE62D5 /* Build configuration list for PBXProject "Stolperwoerter" */;
			developmentRegion = en;
			hasScannedForEncodings = 0;
			knownRegions = (
				en,
				Base,
			);
			mainGroup = BDEC69EB2D1C91FF00BE62D5;
			minimizedProjectReferenceProxies = 1;
			preferredProjectObjectVersion = 77;
			productRefGroup = BDEC69F52D1C91FF00BE62D5 /* Products */;
			projectDirPath = "";
			projectRoot = "";
			targets = (
				BDEC69F32D1C91FF00BE62D5 /* Stolperwoerter */,
				BDEC6A032D1C920100BE62D5 /* StolperwoerterTests */,
				BDEC6A0D2D1C920100BE62D5 /* StolperwoerterUITests */,
			);
		};
/* End PBXProject section */

/* Begin PBXResourcesBuildPhase section */
		BDEC69F22D1C91FF00BE62D5 /* Resources */ = {
			isa = PBXResourcesBuildPhase;
			buildActionMask = 2147483647;
			files = (
			);
			runOnlyForDeploymentPostprocessing = 0;
		};
		BDEC6A022D1C920100BE62D5 /* Resources */ = {
			isa = PBXResourcesBuildPhase;
			buildActionMask = 2147483647;
			files = (
			);
			runOnlyForDeploymentPostprocessing = 0;
		};
		BDEC6A0C2D1C920100BE62D5 /* Resources */ = {
			isa = PBXResourcesBuildPhase;
			buildActionMask = 2147483647;
			files = (
			);
			runOnlyForDeploymentPostprocessing = 0;
		};
/* End PBXResourcesBuildPhase section */

/* Begin PBXSourcesBuildPhase section */
		BDEC69F02D1C91FF00BE62D5 /* Sources */ = {
			isa = PBXSourcesBuildPhase;
			buildActionMask = 2147483647;
			files = (
			);
			runOnlyForDeploymentPostprocessing = 0;
		};
		BDEC6A002D1C920100BE62D5 /* Sources */ = {
			isa = PBXSourcesBuildPhase;
			buildActionMask = 2147483647;
			files = (
			);
			runOnlyForDeploymentPostprocessing = 0;
		};
		BDEC6A0A2D1C920100BE62D5 /* Sources */ = {
			isa = PBXSourcesBuildPhase;
			buildActionMask = 2147483647;
			files = (
			);
			runOnlyForDeploymentPostprocessing = 0;
		};
/* End PBXSourcesBuildPhase section */

/* Begin PBXTargetDependency section */
		BDEC6A062D1C920100BE62D5 /* PBXTargetDependency */ = {
			isa = PBXTargetDependency;
			target = BDEC69F32D1C91FF00BE62D5 /* Stolperwoerter */;
			targetProxy = BDEC6A052D1C920100BE62D5 /* PBXContainerItemProxy */;
		};
		BDEC6A102D1C920100BE62D5 /* PBXTargetDependency */ = {
			isa = PBXTargetDependency;
			target = BDEC69F32D1C91FF00BE62D5 /* Stolperwoerter */;
			targetProxy = BDEC6A0F2D1C920100BE62D5 /* PBXContainerItemProxy */;
		};
/* End PBXTargetDependency section */

/* Begin XCBuildConfiguration section */
		BDEC6A162D1C920100BE62D5 /* Debug */ = {
			isa = XCBuildConfiguration;
			buildSettings = {
				ALWAYS_SEARCH_USER_PATHS = NO;
				ASSETCATALOG_COMPILER_GENERATE_SWIFT_ASSET_SYMBOL_EXTENSIONS = YES;
				CLANG_ANALYZER_NONNULL = YES;
				CLANG_ANALYZER_NUMBER_OBJECT_CONVERSION = YES_AGGRESSIVE;
				CLANG_CXX_LANGUAGE_STANDARD = "gnu++20";
				CLANG_ENABLE_MODULES = YES;
				CLANG_ENABLE_OBJC_ARC = YES;
				CLANG_ENABLE_OBJC_WEAK = YES;
				CLANG_WARN_BLOCK_CAPTURE_AUTORELEASING = YES;
				CLANG_WARN_BOOL_CONVERSION = YES;
				CLANG_WARN_COMMA = YES;
				CLANG_WARN_CONSTANT_CONVERSION = YES;
				CLANG_WARN_DEPRECATED_OBJC_IMPLEMENTATIONS = YES;
				CLANG_WARN_DIRECT_OBJC_ISA_USAGE = YES_ERROR;
				CLANG_WARN_DOCUMENTATION_COMMENTS = YES;
				CLANG_WARN_EMPTY_BODY = YES;
				CLANG_WARN_ENUM_CONVERSION = YES;
				CLANG_WARN_INFINITE_RECURSION = YES;
				CLANG_WARN_INT_CONVERSION = YES;
				CLANG_WARN_NON_LITERAL_NULL_CONVERSION = YES;
				CLANG_WARN_OBJC_IMPLICIT_RETAIN_SELF = YES;
				CLANG_WARN_OBJC_LITERAL_CONVERSION = YES;
				CLANG_WARN_OBJC_ROOT_CLASS = YES_ERROR;
				CLANG_WARN_QUOTED_INCLUDE_IN_FRAMEWORK_HEADER = YES;
				CLANG_WARN_RANGE_LOOP_ANALYSIS = YES;
				CLANG_WARN_STRICT_PROTOTYPES = YES;
				CLANG_WARN_SUSPICIOUS_MOVE = YES;
				CLANG_WARN_UNGUARDED_AVAILABILITY = YES_AGGRESSIVE;
				CLANG_WARN_UNREACHABLE_CODE = YES;
				CLANG_WARN__DUPLICATE_METHOD_MATCH = YES;
				COPY_PHASE_STRIP = NO;
				DEBUG_INFORMATION_FORMAT = dwarf;
				ENABLE_STRICT_OBJC_MSGSEND = YES;
				ENABLE_TESTABILITY = YES;
				ENABLE_USER_SCRIPT_SANDBOXING = YES;
				GCC_C_LANGUAGE_STANDARD = gnu17;
				GCC_DYNAMIC_NO_PIC = NO;
				GCC_NO_COMMON_BLOCKS = YES;
				GCC_OPTIMIZATION_LEVEL = 0;
				GCC_PREPROCESSOR_DEFINITIONS = (
					"DEBUG=1",
					"$(inherited)",
				);
				GCC_WARN_64_TO_32_BIT_CONVERSION = YES;
				GCC_WARN_ABOUT_RETURN_TYPE = YES_ERROR;
				GCC_WARN_UNDECLARED_SELECTOR = YES;
				GCC_WARN_UNINITIALIZED_AUTOS = YES_AGGRESSIVE;
				GCC_WARN_UNUSED_FUNCTION = YES;
				GCC_WARN_UNUSED_VARIABLE = YES;
				IPHONEOS_DEPLOYMENT_TARGET = 18.2;
				LOCALIZATION_PREFERS_STRING_CATALOGS = YES;
				MTL_ENABLE_DEBUG_INFO = INCLUDE_SOURCE;
				MTL_FAST_MATH = YES;
				ONLY_ACTIVE_ARCH = YES;
				SDKROOT = iphoneos;
				SWIFT_ACTIVE_COMPILATION_CONDITIONS = "DEBUG $(inherited)";
				SWIFT_OPTIMIZATION_LEVEL = "-Onone";
			};
			name = Debug;
		};
		BDEC6A172D1C920100BE62D5 /* Release */ = {
			isa = XCBuildConfiguration;
			buildSettings = {
				ALWAYS_SEARCH_USER_PATHS = NO;
				ASSETCATALOG_COMPILER_GENERATE_SWIFT_ASSET_SYMBOL_EXTENSIONS = YES;
				CLANG_ANALYZER_NONNULL = YES;
				CLANG_ANALYZER_NUMBER_OBJECT_CONVERSION = YES_AGGRESSIVE;
				CLANG_CXX_LANGUAGE_STANDARD = "gnu++20";
				CLANG_ENABLE_MODULES = YES;
				CLANG_ENABLE_OBJC_ARC = YES;
				CLANG_ENABLE_OBJC_WEAK = YES;
				CLANG_WARN_BLOCK_CAPTURE_AUTORELEASING = YES;
				CLANG_WARN_BOOL_CONVERSION = YES;
				CLANG_WARN_COMMA = YES;
				CLANG_WARN_CONSTANT_CONVERSION = YES;
				CLANG_WARN_DEPRECATED_OBJC_IMPLEMENTATIONS = YES;
				CLANG_WARN_DIRECT_OBJC_ISA_USAGE = YES_ERROR;
				CLANG_WARN_DOCUMENTATION_COMMENTS = YES;
				CLANG_WARN_EMPTY_BODY = YES;
				CLANG_WARN_ENUM_CONVERSION = YES;
				CLANG_WARN_INFINITE_RECURSION = YES;
				CLANG_WARN_INT_CONVERSION = YES;
				CLANG_WARN_NON_LITERAL_NULL_CONVERSION = YES;
				CLANG_WARN_OBJC_IMPLICIT_RETAIN_SELF = YES;
				CLANG_WARN_OBJC_LITERAL_CONVERSION = YES;
				CLANG_WARN_OBJC_ROOT_CLASS = YES_ERROR;
				CLANG_WARN_QUOTED_INCLUDE_IN_FRAMEWORK_HEADER = YES;
				CLANG_WARN_RANGE_LOOP_ANALYSIS = YES;
				CLANG_WARN_STRICT_PROTOTYPES = YES;
				CLANG_WARN_SUSPICIOUS_MOVE = YES;
				CLANG_WARN_UNGUARDED_AVAILABILITY = YES_AGGRESSIVE;
				CLANG_WARN_UNREACHABLE_CODE = YES;
				CLANG_WARN__DUPLICATE_METHOD_MATCH = YES;
				COPY_PHASE_STRIP = NO;
				DEBUG_INFORMATION_FORMAT = "dwarf-with-dsym";
				ENABLE_NS_ASSERTIONS = NO;
				ENABLE_STRICT_OBJC_MSGSEND = YES;
				ENABLE_USER_SCRIPT_SANDBOXING = YES;
				GCC_C_LANGUAGE_STANDARD = gnu17;
				GCC_NO_COMMON_BLOCKS = YES;
				GCC_WARN_64_TO_32_BIT_CONVERSION = YES;
				GCC_WARN_ABOUT_RETURN_TYPE = YES_ERROR;
				GCC_WARN_UNDECLARED_SELECTOR = YES;
				GCC_WARN_UNINITIALIZED_AUTOS = YES_AGGRESSIVE;
				GCC_WARN_UNUSED_FUNCTION = YES;
				GCC_WARN_UNUSED_VARIABLE = YES;
				IPHONEOS_DEPLOYMENT_TARGET = 18.2;
				LOCALIZATION_PREFERS_STRING_CATALOGS = YES;
				MTL_ENABLE_DEBUG_INFO = NO;
				MTL_FAST_MATH = YES;
				SDKROOT = iphoneos;
				SWIFT_COMPILATION_MODE = wholemodule;
				VALIDATE_PRODUCT = YES;
			};
			name = Release;
		};
		BDEC6A192D1C920100BE62D5 /* Debug */ = {
			isa = XCBuildConfiguration;
			buildSettings = {
				ASSETCATALOG_COMPILER_APPICON_NAME = AppIcon;
				ASSETCATALOG_COMPILER_GLOBAL_ACCENT_COLOR_NAME = AccentColor;
				CODE_SIGN_STYLE = Automatic;
				CURRENT_PROJECT_VERSION = 1;
				DEVELOPMENT_ASSET_PATHS = "\"Stolperwoerter/Preview Content\"";
				DEVELOPMENT_TEAM = XRD6DT72CT;
				ENABLE_PREVIEWS = YES;
				GENERATE_INFOPLIST_FILE = YES;
				INFOPLIST_KEY_UIApplicationSceneManifest_Generation = YES;
				INFOPLIST_KEY_UIApplicationSupportsIndirectInputEvents = YES;
				INFOPLIST_KEY_UILaunchScreen_Generation = YES;
				INFOPLIST_KEY_UISupportedInterfaceOrientations_iPad = "UIInterfaceOrientationPortrait UIInterfaceOrientationPortraitUpsideDown UIInterfaceOrientationLandscapeLeft UIInterfaceOrientationLandscapeRight";
				INFOPLIST_KEY_UISupportedInterfaceOrientations_iPhone = "UIInterfaceOrientationPortrait UIInterfaceOrientationLandscapeLeft UIInterfaceOrientationLandscapeRight";
				LD_RUNPATH_SEARCH_PATHS = (
					"$(inherited)",
					"@executable_path/Frameworks",
				);
				MARKETING_VERSION = 1.0;
				PRODUCT_BUNDLE_IDENTIFIER = Stolperwoerter.Stolperwoerter;
				PRODUCT_NAME = "$(TARGET_NAME)";
				SWIFT_EMIT_LOC_STRINGS = YES;
				SWIFT_VERSION = 5.0;
				TARGETED_DEVICE_FAMILY = "1,2";
			};
			name = Debug;
		};
		BDEC6A1A2D1C920100BE62D5 /* Release */ = {
			isa = XCBuildConfiguration;
			buildSettings = {
				ASSETCATALOG_COMPILER_APPICON_NAME = AppIcon;
				ASSETCATALOG_COMPILER_GLOBAL_ACCENT_COLOR_NAME = AccentColor;
				CODE_SIGN_STYLE = Automatic;
				CURRENT_PROJECT_VERSION = 1;
				DEVELOPMENT_ASSET_PATHS = "\"Stolperwoerter/Preview Content\"";
				DEVELOPMENT_TEAM = XRD6DT72CT;
				ENABLE_PREVIEWS = YES;
				GENERATE_INFOPLIST_FILE = YES;
				INFOPLIST_KEY_UIApplicationSceneManifest_Generation = YES;
				INFOPLIST_KEY_UIApplicationSupportsIndirectInputEvents = YES;
				INFOPLIST_KEY_UILaunchScreen_Generation = YES;
				INFOPLIST_KEY_UISupportedInterfaceOrientations_iPad = "UIInterfaceOrientationPortrait UIInterfaceOrientationPortraitUpsideDown UIInterfaceOrientationLandscapeLeft UIInterfaceOrientationLandscapeRight";
				INFOPLIST_KEY_UISupportedInterfaceOrientations_iPhone = "UIInterfaceOrientationPortrait UIInterfaceOrientationLandscapeLeft UIInterfaceOrientationLandscapeRight";
				LD_RUNPATH_SEARCH_PATHS = (
					"$(inherited)",
					"@executable_path/Frameworks",
				);
				MARKETING_VERSION = 1.0;
				PRODUCT_BUNDLE_IDENTIFIER = Stolperwoerter.Stolperwoerter;
				PRODUCT_NAME = "$(TARGET_NAME)";
				SWIFT_EMIT_LOC_STRINGS = YES;
				SWIFT_VERSION = 5.0;
				TARGETED_DEVICE_FAMILY = "1,2";
			};
			name = Release;
		};
		BDEC6A1C2D1C920100BE62D5 /* Debug */ = {
			isa = XCBuildConfiguration;
			buildSettings = {
				BUNDLE_LOADER = "$(TEST_HOST)";
				CODE_SIGN_STYLE = Automatic;
				CURRENT_PROJECT_VERSION = 1;
				DEVELOPMENT_TEAM = XRD6DT72CT;
				GENERATE_INFOPLIST_FILE = YES;
				IPHONEOS_DEPLOYMENT_TARGET = 18.2;
				MARKETING_VERSION = 1.0;
				PRODUCT_BUNDLE_IDENTIFIER = Stolperwoerter.StolperwoerterTests;
				PRODUCT_NAME = "$(TARGET_NAME)";
				SWIFT_EMIT_LOC_STRINGS = NO;
				SWIFT_VERSION = 5.0;
				TARGETED_DEVICE_FAMILY = "1,2";
				TEST_HOST = "$(BUILT_PRODUCTS_DIR)/Stolperwoerter.app/$(BUNDLE_EXECUTABLE_FOLDER_PATH)/Stolperwoerter";
			};
			name = Debug;
		};
		BDEC6A1D2D1C920100BE62D5 /* Release */ = {
			isa = XCBuildConfiguration;
			buildSettings = {
				BUNDLE_LOADER = "$(TEST_HOST)";
				CODE_SIGN_STYLE = Automatic;
				CURRENT_PROJECT_VERSION = 1;
				DEVELOPMENT_TEAM = XRD6DT72CT;
				GENERATE_INFOPLIST_FILE = YES;
				IPHONEOS_DEPLOYMENT_TARGET = 18.2;
				MARKETING_VERSION = 1.0;
				PRODUCT_BUNDLE_IDENTIFIER = Stolperwoerter.StolperwoerterTests;
				PRODUCT_NAME = "$(TARGET_NAME)";
				SWIFT_EMIT_LOC_STRINGS = NO;
				SWIFT_VERSION = 5.0;
				TARGETED_DEVICE_FAMILY = "1,2";
				TEST_HOST = "$(BUILT_PRODUCTS_DIR)/Stolperwoerter.app/$(BUNDLE_EXECUTABLE_FOLDER_PATH)/Stolperwoerter";
			};
			name = Release;
		};
		BDEC6A1F2D1C920100BE62D5 /* Debug */ = {
			isa = XCBuildConfiguration;
			buildSettings = {
				CODE_SIGN_STYLE = Automatic;
				CURRENT_PROJECT_VERSION = 1;
				DEVELOPMENT_TEAM = XRD6DT72CT;
				GENERATE_INFOPLIST_FILE = YES;
				MARKETING_VERSION = 1.0;
				PRODUCT_BUNDLE_IDENTIFIER = Stolperwoerter.StolperwoerterUITests;
				PRODUCT_NAME = "$(TARGET_NAME)";
				SWIFT_EMIT_LOC_STRINGS = NO;
				SWIFT_VERSION = 5.0;
				TARGETED_DEVICE_FAMILY = "1,2";
				TEST_TARGET_NAME = Stolperwoerter;
			};
			name = Debug;
		};
		BDEC6A202D1C920100BE62D5 /* Release */ = {
			isa = XCBuildConfiguration;
			buildSettings = {
				CODE_SIGN_STYLE = Automatic;
				CURRENT_PROJECT_VERSION = 1;
				DEVELOPMENT_TEAM = XRD6DT72CT;
				GENERATE_INFOPLIST_FILE = YES;
				MARKETING_VERSION = 1.0;
				PRODUCT_BUNDLE_IDENTIFIER = Stolperwoerter.StolperwoerterUITests;
				PRODUCT_NAME = "$(TARGET_NAME)";
				SWIFT_EMIT_LOC_STRINGS = NO;
				SWIFT_VERSION = 5.0;
				TARGETED_DEVICE_FAMILY = "1,2";
				TEST_TARGET_NAME = Stolperwoerter;
			};
			name = Release;
		};
/* End XCBuildConfiguration section */

/* Begin XCConfigurationList section */
		BDEC69EF2D1C91FF00BE62D5 /* Build configuration list for PBXProject "Stolperwoerter" */ = {
			isa = XCConfigurationList;
			buildConfigurations = (
				BDEC6A162D1C920100BE62D5 /* Debug */,
				BDEC6A172D1C920100BE62D5 /* Release */,
			);
			defaultConfigurationIsVisible = 0;
			defaultConfigurationName = Release;
		};
		BDEC6A182D1C920100BE62D5 /* Build configuration list for PBXNativeTarget "Stolperwoerter" */ = {
			isa = XCConfigurationList;
			buildConfigurations = (
				BDEC6A192D1C920100BE62D5 /* Debug */,
				BDEC6A1A2D1C920100BE62D5 /* Release */,
			);
			defaultConfigurationIsVisible = 0;
			defaultConfigurationName = Release;
		};
		BDEC6A1B2D1C920100BE62D5 /* Build configuration list for PBXNativeTarget "StolperwoerterTests" */ = {
			isa = XCConfigurationList;
			buildConfigurations = (
				BDEC6A1C2D1C920100BE62D5 /* Debug */,
				BDEC6A1D2D1C920100BE62D5 /* Release */,
			);
			defaultConfigurationIsVisible = 0;
			defaultConfigurationName = Release;
		};
		BDEC6A1E2D1C920100BE62D5 /* Build configuration list for PBXNativeTarget "StolperwoerterUITests" */ = {
			isa = XCConfigurationList;
			buildConfigurations = (
				BDEC6A1F2D1C920100BE62D5 /* Debug */,
				BDEC6A202D1C920100BE62D5 /* Release */,
			);
			defaultConfigurationIsVisible = 0;
			defaultConfigurationName = Release;
		};
/* End XCConfigurationList section */
	};
	rootObject = BDEC69EC2D1C91FF00BE62D5 /* Project object */;
}
